
Microsoft Visual Studio Solution File, Format Version 12.00
# Visual Studio 15
VisualStudioVersion = 15.0.27130.2010
MinimumVisualStudioVersion = 10.0.40219.1
Project("{FAE04EC0-301F-11D3-BF4B-00C04F79EFBC}") = "RunningJournal.AcceptanceTests", "RunningJournal.AcceptanceTests\RunningJournal.AcceptanceTests.csproj", "{2FCA55E6-37BC-461E-8099-8A50BC91F830}"
EndProject
Project("{FAE04EC0-301F-11D3-BF4B-00C04F79EFBC}") = "RunningJournal.Api", "RunningJournal.Api\RunningJournal.Api.csproj", "{73130847-0FAF-46B0-ACE9-8647EC6157AB}"
EndProject
Project("{FAE04EC0-301F-11D3-BF4B-00C04F79EFBC}") = "RunningJournalApi.UnitTests", "RunningJournalApi.UnitTests\RunningJournalApi.UnitTests.csproj", "{A10C9135-B5CA-491E-A768-C538DA940BE7}"
EndProject
Global
	GlobalSection(SolutionConfigurationPlatforms) = preSolution
		Debug|Any CPU = Debug|Any CPU
		Release|Any CPU = Release|Any CPU
	EndGlobalSection
	GlobalSection(ProjectConfigurationPlatforms) = postSolution
		{2FCA55E6-37BC-461E-8099-8A50BC91F830}.Debug|Any CPU.ActiveCfg = Debug|Any CPU
		{2FCA55E6-37BC-461E-8099-8A50BC91F830}.Debug|Any CPU.Build.0 = Debug|Any CPU
		{2FCA55E6-37BC-461E-8099-8A50BC91F830}.Release|Any CPU.ActiveCfg = Release|Any CPU
		{2FCA55E6-37BC-461E-8099-8A50BC91F830}.Release|Any CPU.Build.0 = Release|Any CPU
		{73130847-0FAF-46B0-ACE9-8647EC6157AB}.Debug|Any CPU.ActiveCfg = Debug|Any CPU
		{73130847-0FAF-46B0-ACE9-8647EC6157AB}.Debug|Any CPU.Build.0 = Debug|Any CPU
		{73130847-0FAF-46B0-ACE9-8647EC6157AB}.Release|Any CPU.ActiveCfg = Release|Any CPU
		{73130847-0FAF-46B0-ACE9-8647EC6157AB}.Release|Any CPU.Build.0 = Release|Any CPU
		{A10C9135-B5CA-491E-A768-C538DA940BE7}.Debug|Any CPU.ActiveCfg = Debug|Any CPU
		{A10C9135-B5CA-491E-A768-C538DA940BE7}.Debug|Any CPU.Build.0 = Debug|Any CPU
		{A10C9135-B5CA-491E-A768-C538DA940BE7}.Release|Any CPU.ActiveCfg = Release|Any CPU
		{A10C9135-B5CA-491E-A768-C538DA940BE7}.Release|Any CPU.Build.0 = Release|Any CPU
	EndGlobalSection
	GlobalSection(SolutionProperties) = preSolution
		HideSolutionNode = FALSE
	EndGlobalSection
	GlobalSection(ExtensibilityGlobals) = postSolution
		SolutionGuid = {4117F3C0-8C3E-4C4F-A8DB-B7D3D52D7DC9}
	EndGlobalSection
EndGlobal
